
Microsoft Visual Studio Solution File, Format Version 12.00
# Visual Studio Version 17
VisualStudioVersion = 17.1.32210.238
MinimumVisualStudioVersion = 10.0.40219.1
Project("{FAE04EC0-301F-11D3-BF4B-00C04F79EFBC}") = "AddressBook", "AddressBook\AddressBook.csproj", "{4E097D73-2665-44DE-8D23-5923C2B325C6}"
EndProject
Global
	GlobalSection(SolutionConfigurationPlatforms) = preSolution
		Debug|Any CPU = Debug|Any CPU
		Release|Any CPU = Release|Any CPU
	EndGlobalSection
	GlobalSection(ProjectConfigurationPlatforms) = postSolution
		{4E097D73-2665-44DE-8D23-5923C2B325C6}.Debug|Any CPU.ActiveCfg = Debug|Any CPU
		{4E097D73-2665-44DE-8D23-5923C2B325C6}.Debug|Any CPU.Build.0 = Debug|Any CPU
		{4E097D73-2665-44DE-8D23-5923C2B325C6}.Release|Any CPU.ActiveCfg = Release|Any CPU
		{4E097D73-2665-44DE-8D23-5923C2B325C6}.Release|Any CPU.Build.0 = Release|Any CPU
	EndGlobalSection
	GlobalSection(SolutionProperties) = preSolution
		HideSolutionNode = FALSE
	EndGlobalSection
	GlobalSection(ExtensibilityGlobals) = postSolution
		SolutionGuid = {7524156A-B3DF-4E4B-B603-F934BCE09FB6}
	EndGlobalSection
EndGlobal
